
Microsoft Visual Studio Solution File, Format Version 12.00
# Visual Studio 15
VisualStudioVersion = 15.0.33026.149
MinimumVisualStudioVersion = 10.0.40219.1
Project("{8BC9CEB8-8B4A-11D0-8D11-00A0C91BC942}") = "KNPO-Molchanov-PrIn-266", "KNPO-Molchanov-PrIn-266\KNPO-Molchanov-PrIn-266.vcxproj", "{2035FD73-CEE6-47A6-B497-F51FBFF23B01}"
EndProject
Project("{8BC9CEB8-8B4A-11D0-8D11-00A0C91BC942}") = "TokenizerTests", "TokenizerTests\TokenizerTests.vcxproj", "{C6598189-5C62-4FFC-A3C8-0D0B624028C1}"
EndProject
Project("{8BC9CEB8-8B4A-11D0-8D11-00A0C91BC942}") = "MnemonicTranslatorTests", "MnemonicTranslatorTests\MnemonicTranslatorTests.vcxproj", "{83186D20-01E4-4867-84DA-45F7FC925312}"
EndProject
Project("{8BC9CEB8-8B4A-11D0-8D11-00A0C91BC942}") = "InstructionTests", "InstructionTests\InstructionTests.vcxproj", "{4F13DEBA-C4E0-4DE8-9228-BD7BB61E0FEB}"
EndProject
Global
	GlobalSection(SolutionConfigurationPlatforms) = preSolution
		Debug|x64 = Debug|x64
		Debug|x86 = Debug|x86
		Profiling|x64 = Profiling|x64
		Profiling|x86 = Profiling|x86
		Release|x64 = Release|x64
		Release|x86 = Release|x86
	EndGlobalSection
	GlobalSection(ProjectConfigurationPlatforms) = postSolution
		{2035FD73-CEE6-47A6-B497-F51FBFF23B01}.Debug|x64.ActiveCfg = Debug|x64
		{2035FD73-CEE6-47A6-B497-F51FBFF23B01}.Debug|x64.Build.0 = Debug|x64
		{2035FD73-CEE6-47A6-B497-F51FBFF23B01}.Debug|x86.ActiveCfg = Debug|Win32
		{2035FD73-CEE6-47A6-B497-F51FBFF23B01}.Debug|x86.Build.0 = Debug|Win32
		{2035FD73-CEE6-47A6-B497-F51FBFF23B01}.Profiling|x64.ActiveCfg = Profiling|x64
		{2035FD73-CEE6-47A6-B497-F51FBFF23B01}.Profiling|x64.Build.0 = Profiling|x64
		{2035FD73-CEE6-47A6-B497-F51FBFF23B01}.Profiling|x86.ActiveCfg = Profiling|Win32
		{2035FD73-CEE6-47A6-B497-F51FBFF23B01}.Profiling|x86.Build.0 = Profiling|Win32
		{2035FD73-CEE6-47A6-B497-F51FBFF23B01}.Release|x64.ActiveCfg = Release|x64
		{2035FD73-CEE6-47A6-B497-F51FBFF23B01}.Release|x64.Build.0 = Release|x64
		{2035FD73-CEE6-47A6-B497-F51FBFF23B01}.Release|x86.ActiveCfg = Release|Win32
		{2035FD73-CEE6-47A6-B497-F51FBFF23B01}.Release|x86.Build.0 = Release|Win32
		{C6598189-5C62-4FFC-A3C8-0D0B624028C1}.Debug|x64.ActiveCfg = Debug|x64
		{C6598189-5C62-4FFC-A3C8-0D0B624028C1}.Debug|x64.Build.0 = Debug|x64
		{C6598189-5C62-4FFC-A3C8-0D0B624028C1}.Debug|x86.ActiveCfg = Debug|Win32
		{C6598189-5C62-4FFC-A3C8-0D0B624028C1}.Debug|x86.Build.0 = Debug|Win32
		{C6598189-5C62-4FFC-A3C8-0D0B624028C1}.Profiling|x64.ActiveCfg = Profiling|x64
		{C6598189-5C62-4FFC-A3C8-0D0B624028C1}.Profiling|x64.Build.0 = Profiling|x64
		{C6598189-5C62-4FFC-A3C8-0D0B624028C1}.Profiling|x86.ActiveCfg = Profiling|Win32
		{C6598189-5C62-4FFC-A3C8-0D0B624028C1}.Profiling|x86.Build.0 = Profiling|Win32
		{C6598189-5C62-4FFC-A3C8-0D0B624028C1}.Release|x64.ActiveCfg = Release|x64
		{C6598189-5C62-4FFC-A3C8-0D0B624028C1}.Release|x64.Build.0 = Release|x64
		{C6598189-5C62-4FFC-A3C8-0D0B624028C1}.Release|x86.ActiveCfg = Release|Win32
		{C6598189-5C62-4FFC-A3C8-0D0B624028C1}.Release|x86.Build.0 = Release|Win32
		{83186D20-01E4-4867-84DA-45F7FC925312}.Debug|x64.ActiveCfg = Debug|x64
		{83186D20-01E4-4867-84DA-45F7FC925312}.Debug|x64.Build.0 = Debug|x64
		{83186D20-01E4-4867-84DA-45F7FC925312}.Debug|x86.ActiveCfg = Debug|Win32
		{83186D20-01E4-4867-84DA-45F7FC925312}.Debug|x86.Build.0 = Debug|Win32
		{83186D20-01E4-4867-84DA-45F7FC925312}.Profiling|x64.ActiveCfg = Profiling|x64
		{83186D20-01E4-4867-84DA-45F7FC925312}.Profiling|x64.Build.0 = Profiling|x64
		{83186D20-01E4-4867-84DA-45F7FC925312}.Profiling|x86.ActiveCfg = Profiling|Win32
		{83186D20-01E4-4867-84DA-45F7FC925312}.Profiling|x86.Build.0 = Profiling|Win32
		{83186D20-01E4-4867-84DA-45F7FC925312}.Release|x64.ActiveCfg = Release|x64
		{83186D20-01E4-4867-84DA-45F7FC925312}.Release|x64.Build.0 = Release|x64
		{83186D20-01E4-4867-84DA-45F7FC925312}.Release|x86.ActiveCfg = Release|Win32
		{83186D20-01E4-4867-84DA-45F7FC925312}.Release|x86.Build.0 = Release|Win32
		{4F13DEBA-C4E0-4DE8-9228-BD7BB61E0FEB}.Debug|x64.ActiveCfg = Debug|x64
		{4F13DEBA-C4E0-4DE8-9228-BD7BB61E0FEB}.Debug|x64.Build.0 = Debug|x64
		{4F13DEBA-C4E0-4DE8-9228-BD7BB61E0FEB}.Debug|x86.ActiveCfg = Debug|Win32
		{4F13DEBA-C4E0-4DE8-9228-BD7BB61E0FEB}.Debug|x86.Build.0 = Debug|Win32
		{4F13DEBA-C4E0-4DE8-9228-BD7BB61E0FEB}.Profiling|x64.ActiveCfg = Profiling|x64
		{4F13DEBA-C4E0-4DE8-9228-BD7BB61E0FEB}.Profiling|x64.Build.0 = Profiling|x64
		{4F13DEBA-C4E0-4DE8-9228-BD7BB61E0FEB}.Profiling|x86.ActiveCfg = Profiling|Win32
		{4F13DEBA-C4E0-4DE8-9228-BD7BB61E0FEB}.Profiling|x86.Build.0 = Profiling|Win32
		{4F13DEBA-C4E0-4DE8-9228-BD7BB61E0FEB}.Release|x64.ActiveCfg = Release|x64
		{4F13DEBA-C4E0-4DE8-9228-BD7BB61E0FEB}.Release|x64.Build.0 = Release|x64
		{4F13DEBA-C4E0-4DE8-9228-BD7BB61E0FEB}.Release|x86.ActiveCfg = Release|Win32
		{4F13DEBA-C4E0-4DE8-9228-BD7BB61E0FEB}.Release|x86.Build.0 = Release|Win32
	EndGlobalSection
	GlobalSection(SolutionProperties) = preSolution
		HideSolutionNode = FALSE
	EndGlobalSection
	GlobalSection(ExtensibilityGlobals) = postSolution
		SolutionGuid = {A056B14A-F8D0-44EA-8EF0-9A9BE0BC8665}
	EndGlobalSection
EndGlobal
